
Microsoft Visual Studio Solution File, Format Version 12.00
# Visual Studio Version 17
VisualStudioVersion = 17.14.36109.1
MinimumVisualStudioVersion = 10.0.40219.1
Project("{FAE04EC0-301F-11D3-BF4B-00C04F79EFBC}") = "WebAPI", "WebAPI\WebAPI.csproj", "{4503485F-47FD-48F0-ACE0-0484D1EB408C}"
EndProject
Project("{FAE04EC0-301F-11D3-BF4B-00C04F79EFBC}") = "ManagementSystem.Shared", "..\ManagementSystem.Shared\ManagementSystem.Shared\ManagementSystem.Shared.csproj", "{9697337B-3F4F-DA33-35BC-D82C3711FB8D}"
EndProject
Global
	GlobalSection(SolutionConfigurationPlatforms) = preSolution
		Debug|Any CPU = Debug|Any CPU
		Release|Any CPU = Release|Any CPU
	EndGlobalSection
	GlobalSection(ProjectConfigurationPlatforms) = postSolution
		{4503485F-47FD-48F0-ACE0-0484D1EB408C}.Debug|Any CPU.ActiveCfg = Debug|Any CPU
		{4503485F-47FD-48F0-ACE0-0484D1EB408C}.Debug|Any CPU.Build.0 = Debug|Any CPU
		{4503485F-47FD-48F0-ACE0-0484D1EB408C}.Release|Any CPU.ActiveCfg = Release|Any CPU
		{4503485F-47FD-48F0-ACE0-0484D1EB408C}.Release|Any CPU.Build.0 = Release|Any CPU
		{9697337B-3F4F-DA33-35BC-D82C3711FB8D}.Debug|Any CPU.ActiveCfg = Debug|Any CPU
		{9697337B-3F4F-DA33-35BC-D82C3711FB8D}.Debug|Any CPU.Build.0 = Debug|Any CPU
		{9697337B-3F4F-DA33-35BC-D82C3711FB8D}.Release|Any CPU.ActiveCfg = Release|Any CPU
		{9697337B-3F4F-DA33-35BC-D82C3711FB8D}.Release|Any CPU.Build.0 = Release|Any CPU
	EndGlobalSection
	GlobalSection(SolutionProperties) = preSolution
		HideSolutionNode = FALSE
	EndGlobalSection
	GlobalSection(ExtensibilityGlobals) = postSolution
		SolutionGuid = {CEE50645-4C65-406E-934B-DD8DB7F17BBD}
	EndGlobalSection
EndGlobal
