Microsoft Visual Studio Solution File, Format Version 12.00
# Visual Studio Version 17
VisualStudioVersion = 17.13.35931.197
MinimumVisualStudioVersion = 10.0.40219.1
Project("{FAE04EC0-301F-11D3-BF4B-00C04F79EFBC}") = "ManagementSystem.Shared", "ManagementSystem.Shared\ManagementSystem.Shared.csproj", "{4DBF9F43-54EC-4452-873F-FBFEC5F07FB2}"
EndProject
Global
	GlobalSection(SolutionConfigurationPlatforms) = preSolution
		Debug|Any CPU = Debug|Any CPU
		Release|Any CPU = Release|Any CPU
	EndGlobalSection
	GlobalSection(ProjectConfigurationPlatforms) = postSolution
		{4DBF9F43-54EC-4452-873F-FBFEC5F07FB2}.Debug|Any CPU.ActiveCfg = Debug|Any CPU
		{4DBF9F43-54EC-4452-873F-FBFEC5F07FB2}.Debug|Any CPU.Build.0 = Debug|Any CPU
		{4DBF9F43-54EC-4452-873F-FBFEC5F07FB2}.Release|Any CPU.ActiveCfg = Release|Any CPU
		{4DBF9F43-54EC-4452-873F-FBFEC5F07FB2}.Release|Any CPU.Build.0 = Release|Any CPU
	EndGlobalSection
	GlobalSection(SolutionProperties) = preSolution
		HideSolutionNode = FALSE
	EndGlobalSection
	GlobalSection(ExtensibilityGlobals) = postSolution
		SolutionGuid = {38994067-5A86-4352-BCFA-87D5F6B880B9}
	EndGlobalSection
EndGlobal
