
Microsoft Visual Studio Solution File, Format Version 12.00
# Visual Studio Version 17
VisualStudioVersion = 17.14.36109.1
MinimumVisualStudioVersion = 10.0.40219.1
Project("{2150E333-8FDC-42A3-9474-1A3956D46DE8}") = "src", "src", "{02EA681E-C7D8-13C7-8484-4AC65E1B71E8}"
EndProject
Project("{FAE04EC0-301F-11D3-BF4B-00C04F79EFBC}") = "ManagementSystem.Shared", "..\ManagementSystem.Shared\ManagementSystem.Shared\ManagementSystem.Shared.csproj", "{9697337B-3F4F-DA33-35BC-D82C3711FB8D}"
EndProject
Project("{FAE04EC0-301F-11D3-BF4B-00C04F79EFBC}") = "AuthService", "AuthService\AuthService.csproj", "{6CDAB7B3-DE4F-6FF5-06F0-D824F083F1AF}"
EndProject
Global
	GlobalSection(SolutionConfigurationPlatforms) = preSolution
		Debug|Any CPU = Debug|Any CPU
		Release|Any CPU = Release|Any CPU
	EndGlobalSection
	GlobalSection(ProjectConfigurationPlatforms) = postSolution
		{9697337B-3F4F-DA33-35BC-D82C3711FB8D}.Debug|Any CPU.ActiveCfg = Debug|Any CPU
		{9697337B-3F4F-DA33-35BC-D82C3711FB8D}.Debug|Any CPU.Build.0 = Debug|Any CPU
		{9697337B-3F4F-DA33-35BC-D82C3711FB8D}.Release|Any CPU.ActiveCfg = Release|Any CPU
		{9697337B-3F4F-DA33-35BC-D82C3711FB8D}.Release|Any CPU.Build.0 = Release|Any CPU
		{6CDAB7B3-DE4F-6FF5-06F0-D824F083F1AF}.Debug|Any CPU.ActiveCfg = Debug|Any CPU
		{6CDAB7B3-DE4F-6FF5-06F0-D824F083F1AF}.Debug|Any CPU.Build.0 = Debug|Any CPU
		{6CDAB7B3-DE4F-6FF5-06F0-D824F083F1AF}.Release|Any CPU.ActiveCfg = Release|Any CPU
		{6CDAB7B3-DE4F-6FF5-06F0-D824F083F1AF}.Release|Any CPU.Build.0 = Release|Any CPU
	EndGlobalSection
	GlobalSection(SolutionProperties) = preSolution
		HideSolutionNode = FALSE
	EndGlobalSection
	GlobalSection(NestedProjects) = preSolution
		{9697337B-3F4F-DA33-35BC-D82C3711FB8D} = {02EA681E-C7D8-13C7-8484-4AC65E1B71E8}
		{6CDAB7B3-DE4F-6FF5-06F0-D824F083F1AF} = {02EA681E-C7D8-13C7-8484-4AC65E1B71E8}
	EndGlobalSection
	GlobalSection(ExtensibilityGlobals) = postSolution
		SolutionGuid = {0655920D-6E14-44EC-8F33-0C4AC02E267B}
	EndGlobalSection
EndGlobal
